dependencies:
- name: postgresql
  repository: https://charts.bitnami.com/bitnami
  version: 18.5.17
- name: redis
  repository: https://charts.bitnami.com/bitnami
  version: 25.3.11
digest: sha256:791928ca4eb256bc871b262a36525886ca93b37790ff7d55f08acca06907fa99
generated: "2026-04-13T21:23:14.5156673+03:00"
